# THIS IS AN AUTOGENERATED FILE. DO NOT EDIT THIS FILE DIRECTLY.
# yarn lockfile v1


chart.js@^2.7.3:
  version "2.7.3"
  resolved "https://registry.yarnpkg.com/chart.js/-/chart.js-2.7.3.tgz#cdb61618830bf216dc887e2f7b1b3c228b73c57e"
  integrity sha512-3+7k/DbR92m6BsMUYP6M0dMsMVZpMnwkUyNSAbqolHKsbIzH2Q4LWVEHHYq7v0fmEV8whXE0DrjANulw9j2K5g==
  dependencies:
    chartjs-color "^2.1.0"
    moment "^2.10.2"

chartjs-color-string@^0.6.0:
  version "0.6.0"
  resolved "https://registry.yarnpkg.com/chartjs-color-string/-/chartjs-color-string-0.6.0.tgz#1df096621c0e70720a64f4135ea171d051402f71"
  integrity sha512-TIB5OKn1hPJvO7JcteW4WY/63v6KwEdt6udfnDE9iCAZgy+V4SrbSxoIbTw/xkUIapjEI4ExGtD0+6D3KyFd7A==
  dependencies:
    color-name "^1.0.0"

chartjs-color@^2.1.0:
  version "2.3.0"
  resolved "https://registry.yarnpkg.com/chartjs-color/-/chartjs-color-2.3.0.tgz#0e7e1e8dba37eae8415fd3db38bf572007dd958f"
  integrity sha512-hEvVheqczsoHD+fZ+tfPUE+1+RbV6b+eksp2LwAhwRTVXEjCSEavvk+Hg3H6SZfGlPh/UfmWKGIvZbtobOEm3g==
  dependencies:
    chartjs-color-string "^0.6.0"
    color-convert "^0.5.3"

color-convert@^0.5.3:
  version "0.5.3"
  resolved "https://registry.yarnpkg.com/color-convert/-/color-convert-0.5.3.tgz#bdb6c69ce660fadffe0b0007cc447e1b9f7282bd"
  integrity sha1-vbbGnOZg+t/+CwAHzER+G59ygr0=

color-name@^1.0.0:
  version "1.1.4"
  resolved "https://registry.yarnpkg.com/color-name/-/color-name-1.1.4.tgz#c2a09a87acbde69543de6f63fa3995c826c536a2"
  integrity sha512-dOy+3AuW3a2wNbZHIuMZpTcgjGuLU/uBL/ubcZF9OXbDo8ff4O8yVp5Bf0efS8uEoYo5q4Fx7dY9OgQGXgAsQA==

copy-dir@^0.4.0:
  version "0.4.0"
  resolved "https://registry.yarnpkg.com/copy-dir/-/copy-dir-0.4.0.tgz#bb7f603890ec20bf14678cbd6735fa46fc156be7"
  integrity sha512-mIefrD97nE1XX2th570tR5UQvW6/92czEPGe+oTtrxPAJl+KOKLpzcRa+e38WEpmt/IUN1n65KvRMzPblR+fDQ==
  dependencies:
    mkdir-p "~0.0.4"

lightgallery.js@^1.1.3:
  version "1.1.3"
  resolved "https://registry.yarnpkg.com/lightgallery.js/-/lightgallery.js-1.1.3.tgz#05d47fa2e09546208a430b97fdf5d32f156515c5"
  integrity sha512-eo96ApfhSyb+Gv421ntAKxkw3CvJ9UBF9/XjiUfwz0rNWYszSsauG3se+FL606+wrMpsp/wFweqSMPTzoiLbnQ==

mkdir-p@~0.0.4:
  version "0.0.7"
  resolved "https://registry.yarnpkg.com/mkdir-p/-/mkdir-p-0.0.7.tgz#24c5dbe26da3a99ef158a1eef9a5c2dd9de5683c"
  integrity sha1-JMXb4m2jqZ7xWKHu+aXC3Z3laDw=

moment@^2.10.2:
  version "2.24.0"
  resolved "https://registry.yarnpkg.com/moment/-/moment-2.24.0.tgz#0d055d53f5052aa653c9f6eb68bb5d12bf5c2b5b"
  integrity sha512-bV7f+6l2QigeBBZSM/6yTNq4P2fNpSWj/0e7jQcy87A8e7o2nAfP/34/2ky5Vw4B9S446EtIhodAzkFCcR4dQg==

purecss@^1.0.0:
  version "1.0.0"
  resolved "https://registry.yarnpkg.com/purecss/-/purecss-1.0.0.tgz#3dbcd9e2a7592448a69acb705cce16311bf4b785"
  integrity sha512-gfC78WCOWNnfkzulx9aoWwcl+0JflhwKeJ+k9s/ZyIawfYNA4bqBmt0DtfgtQK9iuYMtGfbdE8R2AQMjSWR2VQ==

rellax@^1.8.0:
  version "1.8.0"
  resolved "https://registry.yarnpkg.com/rellax/-/rellax-1.8.0.tgz#03d26564717d6ecc13633c34642c7374ecb4c431"
  integrity sha512-15o13NkG4cxboBVrFYXyYax3Jj7jGQQBVGyzt0raL8+79XUDKxXerJ5UYt5mtda3L4qJPF55j2lz/QTl6PMxxw==

stateless-maybe-js@^2.2.2:
  version "2.2.2"
  resolved "https://registry.yarnpkg.com/stateless-maybe-js/-/stateless-maybe-js-2.2.2.tgz#f24050ec5312b47a66490e19c3e6b2d2c6813d59"
  integrity sha512-Pmy4NxDFj/KzvbRR0ugGWfoyKG1jgFteaqGgIYtgmS4nIk8WliK7ERvesuuXMIK2qWv8O5On8QKRpJ4fsKQtgQ==
