# THIS IS AN AUTOGENERATED FILE. DO NOT EDIT THIS FILE DIRECTLY.
# yarn lockfile v1


chart.js@^2.7.2:
  version "2.7.2"
  resolved "https://registry.yarnpkg.com/chart.js/-/chart.js-2.7.2.tgz#3c9fde4dc5b95608211bdefeda7e5d33dffa5714"
  integrity sha512-90wl3V9xRZ8tnMvMlpcW+0Yg13BelsGS9P9t0ClaDxv/hdypHDr/YAGf+728m11P5ljwyB0ZHfPKCapZFqSqYA==
  dependencies:
    chartjs-color "^2.1.0"
    moment "^2.10.2"

chartjs-color-string@^0.5.0:
  version "0.5.0"
  resolved "https://registry.yarnpkg.com/chartjs-color-string/-/chartjs-color-string-0.5.0.tgz#8d3752d8581d86687c35bfe2cb80ac5213ceb8c1"
  integrity sha512-amWNvCOXlOUYxZVDSa0YOab5K/lmEhbFNKI55PWc4mlv28BDzA7zaoQTGxSBgJMHIW+hGX8YUrvw/FH4LyhwSQ==
  dependencies:
    color-name "^1.0.0"

chartjs-color@^2.1.0:
  version "2.2.0"
  resolved "https://registry.yarnpkg.com/chartjs-color/-/chartjs-color-2.2.0.tgz#84a2fb755787ed85c39dd6dd8c7b1d88429baeae"
  integrity sha1-hKL7dVeH7YXDndbdjHsdiEKbrq4=
  dependencies:
    chartjs-color-string "^0.5.0"
    color-convert "^0.5.3"

color-convert@^0.5.3:
  version "0.5.3"
  resolved "https://registry.yarnpkg.com/color-convert/-/color-convert-0.5.3.tgz#bdb6c69ce660fadffe0b0007cc447e1b9f7282bd"
  integrity sha1-vbbGnOZg+t/+CwAHzER+G59ygr0=

color-name@^1.0.0:
  version "1.1.4"
  resolved "https://registry.yarnpkg.com/color-name/-/color-name-1.1.4.tgz#c2a09a87acbde69543de6f63fa3995c826c536a2"
  integrity sha512-dOy+3AuW3a2wNbZHIuMZpTcgjGuLU/uBL/ubcZF9OXbDo8ff4O8yVp5Bf0efS8uEoYo5q4Fx7dY9OgQGXgAsQA==

copy-dir@^0.4.0:
  version "0.4.0"
  resolved "https://registry.yarnpkg.com/copy-dir/-/copy-dir-0.4.0.tgz#bb7f603890ec20bf14678cbd6735fa46fc156be7"
  integrity sha512-mIefrD97nE1XX2th570tR5UQvW6/92czEPGe+oTtrxPAJl+KOKLpzcRa+e38WEpmt/IUN1n65KvRMzPblR+fDQ==
  dependencies:
    mkdir-p "~0.0.4"

lightgallery.js@^1.0.2:
  version "1.1.1"
  resolved "https://registry.yarnpkg.com/lightgallery.js/-/lightgallery.js-1.1.1.tgz#34eaf27031416716f5e5b7b8351c7202475ec4ef"
  integrity sha512-nn5ld7pfW/DAzdt6/Zopy5ZOYgoBaP7nOhOxhC7U1k8Q6weS3omRl1cP9uMFSIBbIt0mN+veGZf6oLlZGzctpA==

mkdir-p@~0.0.4:
  version "0.0.7"
  resolved "https://registry.yarnpkg.com/mkdir-p/-/mkdir-p-0.0.7.tgz#24c5dbe26da3a99ef158a1eef9a5c2dd9de5683c"
  integrity sha1-JMXb4m2jqZ7xWKHu+aXC3Z3laDw=

moment@^2.10.2:
  version "2.22.2"
  resolved "https://registry.yarnpkg.com/moment/-/moment-2.22.2.tgz#3c257f9839fc0e93ff53149632239eb90783ff66"
  integrity sha1-PCV/mDn8DpP/UxSWMiOeuQeD/2Y=

purecss@^1.0.0:
  version "1.0.0"
  resolved "https://registry.yarnpkg.com/purecss/-/purecss-1.0.0.tgz#3dbcd9e2a7592448a69acb705cce16311bf4b785"
  integrity sha512-gfC78WCOWNnfkzulx9aoWwcl+0JflhwKeJ+k9s/ZyIawfYNA4bqBmt0DtfgtQK9iuYMtGfbdE8R2AQMjSWR2VQ==

rellax@^1.6.0:
  version "1.7.0"
  resolved "https://registry.yarnpkg.com/rellax/-/rellax-1.7.0.tgz#8fe8192c2da3a155815170a349af66f4b58205f0"
  integrity sha512-WAwZ5o+vvTtONMIxa/8hUl2s122CthTowpsQ7QRx0JbMl4lCpnggYr+TwX+KT0SxkAn+3lJKrLcJ+jvIHw/m2g==

stateless-maybe-js@^2.2.1:
  version "2.2.1"
  resolved "https://registry.yarnpkg.com/stateless-maybe-js/-/stateless-maybe-js-2.2.1.tgz#2696346eb7cdb627590d984138468dacd15c6cfb"
  integrity sha512-rGRFf1r5SpoNkH9DTbmloKloCqGJxUgBtgoqLkGqZVbud93ka8/Nv/8XF7PVDGDOuTmDtPSXQtmoQKsH+8VhGA==
